
Microsoft Visual Studio Solution File, Format Version 12.00
# Visual Studio Version 16
VisualStudioVersion = 16.0.31105.61
MinimumVisualStudioVersion = 10.0.40219.1
Project("{FAE04EC0-301F-11D3-BF4B-00C04F79EFBC}") = "MapControlWPF", "MapControlWPF\MapControlWPF.csproj", "{79CBF3AD-B068-488A-AF9C-0585C0888872}"
EndProject
Global
	GlobalSection(SolutionConfigurationPlatforms) = preSolution
		Debug|Any CPU = Debug|Any CPU
		Release|Any CPU = Release|Any CPU
	EndGlobalSection
	GlobalSection(ProjectConfigurationPlatforms) = postSolution
		{79CBF3AD-B068-488A-AF9C-0585C0888872}.Debug|Any CPU.ActiveCfg = Debug|Any CPU
		{79CBF3AD-B068-488A-AF9C-0585C0888872}.Debug|Any CPU.Build.0 = Debug|Any CPU
		{79CBF3AD-B068-488A-AF9C-0585C0888872}.Release|Any CPU.ActiveCfg = Release|Any CPU
		{79CBF3AD-B068-488A-AF9C-0585C0888872}.Release|Any CPU.Build.0 = Release|Any CPU
	EndGlobalSection
	GlobalSection(SolutionProperties) = preSolution
		HideSolutionNode = FALSE
	EndGlobalSection
	GlobalSection(ExtensibilityGlobals) = postSolution
		SolutionGuid = {1DE64E09-E301-404A-B1E9-4791D1021286}
	EndGlobalSection
EndGlobal
